
Microsoft Visual Studio Solution File, Format Version 12.00
# Visual Studio Version 16
VisualStudioVersion = 25.0.1706.4
MinimumVisualStudioVersion = 10.0.40219.1
Project("{FAE04EC0-301F-11D3-BF4B-00C04F79EFBC}") = "ANDISBANK_kiwi", "ANDISBANK_kiwi\ANDISBANK_kiwi.csproj", "{C9D2E858-EF61-484D-9E2F-6B4AB488128C}"
EndProject
Global
	GlobalSection(SolutionConfigurationPlatforms) = preSolution
		Debug|Any CPU = Debug|Any CPU
		Release|Any CPU = Release|Any CPU
	EndGlobalSection
	GlobalSection(ProjectConfigurationPlatforms) = postSolution
		{C9D2E858-EF61-484D-9E2F-6B4AB488128C}.Debug|Any CPU.ActiveCfg = Debug|Any CPU
		{C9D2E858-EF61-484D-9E2F-6B4AB488128C}.Debug|Any CPU.Build.0 = Debug|Any CPU
		{C9D2E858-EF61-484D-9E2F-6B4AB488128C}.Release|Any CPU.ActiveCfg = Release|Any CPU
		{C9D2E858-EF61-484D-9E2F-6B4AB488128C}.Release|Any CPU.Build.0 = Release|Any CPU
	EndGlobalSection
	GlobalSection(SolutionProperties) = preSolution
		HideSolutionNode = FALSE
	EndGlobalSection
	GlobalSection(ExtensibilityGlobals) = postSolution
		SolutionGuid = {7FF71FEE-3D97-4C05-8F8B-2D06ACC03BCA}
	EndGlobalSection
EndGlobal
